
Microsoft Visual Studio Solution File, Format Version 12.00
# Visual Studio Version 17
VisualStudioVersion = 17.3.32929.385
MinimumVisualStudioVersion = 10.0.40219.1
Project("{FAE04EC0-301F-11D3-BF4B-00C04F79EFBC}") = "binarysearchtree_145", "binarysearchtree_145\binarysearchtree_145.csproj", "{6702A909-C823-4659-9AED-309C8C2BB91A}"
EndProject
Global
	GlobalSection(SolutionConfigurationPlatforms) = preSolution
		Debug|Any CPU = Debug|Any CPU
		Release|Any CPU = Release|Any CPU
	EndGlobalSection
	GlobalSection(ProjectConfigurationPlatforms) = postSolution
		{6702A909-C823-4659-9AED-309C8C2BB91A}.Debug|Any CPU.ActiveCfg = Debug|Any CPU
		{6702A909-C823-4659-9AED-309C8C2BB91A}.Debug|Any CPU.Build.0 = Debug|Any CPU
		{6702A909-C823-4659-9AED-309C8C2BB91A}.Release|Any CPU.ActiveCfg = Release|Any CPU
		{6702A909-C823-4659-9AED-309C8C2BB91A}.Release|Any CPU.Build.0 = Release|Any CPU
	EndGlobalSection
	GlobalSection(SolutionProperties) = preSolution
		HideSolutionNode = FALSE
	EndGlobalSection
	GlobalSection(ExtensibilityGlobals) = postSolution
		SolutionGuid = {0A7E1500-BE0A-4DF7-B69D-C8F1815F20C3}
	EndGlobalSection
EndGlobal
